
Microsoft Visual Studio Solution File, Format Version 12.00
# Visual Studio Version 17
VisualStudioVersion = 17.1.32414.318
MinimumVisualStudioVersion = 10.0.40219.1
Project("{9A19103F-16F7-4668-BE54-9A1E7A4F7556}") = "Snakes", "Snakes\Snakes.csproj", "{539326AA-0228-46CD-A4C2-52481FE5765C}"
EndProject
Project("{FAE04EC0-301F-11D3-BF4B-00C04F79EFBC}") = "Cubes", "Cubes\Cubes.csproj", "{17614F6E-0502-4237-B212-DA02AEBA70BE}"
EndProject
Global
	GlobalSection(SolutionConfigurationPlatforms) = preSolution
		Debug|Any CPU = Debug|Any CPU
		Release|Any CPU = Release|Any CPU
	EndGlobalSection
	GlobalSection(ProjectConfigurationPlatforms) = postSolution
		{539326AA-0228-46CD-A4C2-52481FE5765C}.Debug|Any CPU.ActiveCfg = Debug|Any CPU
		{539326AA-0228-46CD-A4C2-52481FE5765C}.Debug|Any CPU.Build.0 = Debug|Any CPU
		{539326AA-0228-46CD-A4C2-52481FE5765C}.Release|Any CPU.ActiveCfg = Release|Any CPU
		{539326AA-0228-46CD-A4C2-52481FE5765C}.Release|Any CPU.Build.0 = Release|Any CPU
		{17614F6E-0502-4237-B212-DA02AEBA70BE}.Debug|Any CPU.ActiveCfg = Debug|Any CPU
		{17614F6E-0502-4237-B212-DA02AEBA70BE}.Debug|Any CPU.Build.0 = Debug|Any CPU
		{17614F6E-0502-4237-B212-DA02AEBA70BE}.Release|Any CPU.ActiveCfg = Release|Any CPU
		{17614F6E-0502-4237-B212-DA02AEBA70BE}.Release|Any CPU.Build.0 = Release|Any CPU
	EndGlobalSection
	GlobalSection(SolutionProperties) = preSolution
		HideSolutionNode = FALSE
	EndGlobalSection
	GlobalSection(ExtensibilityGlobals) = postSolution
		SolutionGuid = {E7AEDC34-31C5-4CE0-AE04-C28FFC087A02}
	EndGlobalSection
EndGlobal
