
Microsoft Visual Studio Solution File, Format Version 12.00
# Visual Studio Version 16
VisualStudioVersion = 16.0.30907.101
MinimumVisualStudioVersion = 10.0.40219.1
Project("{9A19103F-16F7-4668-BE54-9A1E7A4F7556}") = "PWR", "PWR\PWR.csproj", "{BB49616C-6E74-4B9C-B8A2-8FA8C8CD21AC}"
EndProject
Project("{9A19103F-16F7-4668-BE54-9A1E7A4F7556}") = "PermutationsWithRepetitions", "PermutationsWithRepetitions\PermutationsWithRepetitions.csproj", "{8DC02DD3-2E67-494F-9E12-1207959DD3C8}"
EndProject
Project("{9A19103F-16F7-4668-BE54-9A1E7A4F7556}") = "VariationsWithoutRepetitions", "VariationsWithoutRepetitions\VariationsWithoutRepetitions.csproj", "{C5DB8F85-B4ED-4ADA-8065-342BA17251C4}"
EndProject
Project("{9A19103F-16F7-4668-BE54-9A1E7A4F7556}") = "VariationsWithRepetition", "VariationsWithRepetition\VariationsWithRepetition.csproj", "{CF8C95F8-3129-4714-8E6A-FE2298E81580}"
EndProject
Project("{9A19103F-16F7-4668-BE54-9A1E7A4F7556}") = "CombinationsWithoutRepetition", "CombinationsWithoutRepetition\CombinationsWithoutRepetition.csproj", "{C9C6CDA9-D236-40B6-8DC2-7CAC6435CC00}"
EndProject
Project("{FAE04EC0-301F-11D3-BF4B-00C04F79EFBC}") = "NChooseKCount", "NChooseKCount\NChooseKCount.csproj", "{B19939E4-D5F8-4E9E-886B-E5D618589D4F}"
EndProject
Global
	GlobalSection(SolutionConfigurationPlatforms) = preSolution
		Debug|Any CPU = Debug|Any CPU
		Release|Any CPU = Release|Any CPU
	EndGlobalSection
	GlobalSection(ProjectConfigurationPlatforms) = postSolution
		{BB49616C-6E74-4B9C-B8A2-8FA8C8CD21AC}.Debug|Any CPU.ActiveCfg = Debug|Any CPU
		{BB49616C-6E74-4B9C-B8A2-8FA8C8CD21AC}.Debug|Any CPU.Build.0 = Debug|Any CPU
		{BB49616C-6E74-4B9C-B8A2-8FA8C8CD21AC}.Release|Any CPU.ActiveCfg = Release|Any CPU
		{BB49616C-6E74-4B9C-B8A2-8FA8C8CD21AC}.Release|Any CPU.Build.0 = Release|Any CPU
		{8DC02DD3-2E67-494F-9E12-1207959DD3C8}.Debug|Any CPU.ActiveCfg = Debug|Any CPU
		{8DC02DD3-2E67-494F-9E12-1207959DD3C8}.Debug|Any CPU.Build.0 = Debug|Any CPU
		{8DC02DD3-2E67-494F-9E12-1207959DD3C8}.Release|Any CPU.ActiveCfg = Release|Any CPU
		{8DC02DD3-2E67-494F-9E12-1207959DD3C8}.Release|Any CPU.Build.0 = Release|Any CPU
		{C5DB8F85-B4ED-4ADA-8065-342BA17251C4}.Debug|Any CPU.ActiveCfg = Debug|Any CPU
		{C5DB8F85-B4ED-4ADA-8065-342BA17251C4}.Debug|Any CPU.Build.0 = Debug|Any CPU
		{C5DB8F85-B4ED-4ADA-8065-342BA17251C4}.Release|Any CPU.ActiveCfg = Release|Any CPU
		{C5DB8F85-B4ED-4ADA-8065-342BA17251C4}.Release|Any CPU.Build.0 = Release|Any CPU
		{CF8C95F8-3129-4714-8E6A-FE2298E81580}.Debug|Any CPU.ActiveCfg = Debug|Any CPU
		{CF8C95F8-3129-4714-8E6A-FE2298E81580}.Debug|Any CPU.Build.0 = Debug|Any CPU
		{CF8C95F8-3129-4714-8E6A-FE2298E81580}.Release|Any CPU.ActiveCfg = Release|Any CPU
		{CF8C95F8-3129-4714-8E6A-FE2298E81580}.Release|Any CPU.Build.0 = Release|Any CPU
		{C9C6CDA9-D236-40B6-8DC2-7CAC6435CC00}.Debug|Any CPU.ActiveCfg = Debug|Any CPU
		{C9C6CDA9-D236-40B6-8DC2-7CAC6435CC00}.Debug|Any CPU.Build.0 = Debug|Any CPU
		{C9C6CDA9-D236-40B6-8DC2-7CAC6435CC00}.Release|Any CPU.ActiveCfg = Release|Any CPU
		{C9C6CDA9-D236-40B6-8DC2-7CAC6435CC00}.Release|Any CPU.Build.0 = Release|Any CPU
		{B19939E4-D5F8-4E9E-886B-E5D618589D4F}.Debug|Any CPU.ActiveCfg = Debug|Any CPU
		{B19939E4-D5F8-4E9E-886B-E5D618589D4F}.Debug|Any CPU.Build.0 = Debug|Any CPU
		{B19939E4-D5F8-4E9E-886B-E5D618589D4F}.Release|Any CPU.ActiveCfg = Release|Any CPU
		{B19939E4-D5F8-4E9E-886B-E5D618589D4F}.Release|Any CPU.Build.0 = Release|Any CPU
	EndGlobalSection
	GlobalSection(SolutionProperties) = preSolution
		HideSolutionNode = FALSE
	EndGlobalSection
	GlobalSection(ExtensibilityGlobals) = postSolution
		SolutionGuid = {4532A197-6AFB-4C60-BF47-840F9FC51626}
	EndGlobalSection
EndGlobal
